
Microsoft Visual Studio Solution File, Format Version 12.00
# Visual Studio 2012
Project("{CC5FD16D-436D-48AD-A40C-5A424C6E3E79}") = "azuren", "azuren\azuren.ccproj", "{26237FE9-C470-4F27-A494-113F7506F8BD}"
EndProject
Project("{FAE04EC0-301F-11D3-BF4B-00C04F79EFBC}") = "AzurenRole", "AzurenRole\AzurenRole.csproj", "{C645FE82-4185-48B5-B838-81E98CD9499F}"
EndProject
Project("{FAE04EC0-301F-11D3-BF4B-00C04F79EFBC}") = "CacheWorkerRole", "CacheWorkerRole\CacheWorkerRole.csproj", "{8D4A63EB-7951-42BC-95F0-3C6DA0EA2A98}"
EndProject
Global
	GlobalSection(TeamFoundationVersionControl) = preSolution
		SccNumberOfProjects = 3
		SccEnterpriseProvider = {4CA58AB2-18FA-4F8D-95D4-32DDF27D184C}
		SccTeamFoundationServer = http://vstfcodebox:8080/tfs/theta
		SccProjectUniqueName0 = AzurenRole\\AzurenRole.csproj
		SccProjectName0 = AzurenRole
		SccAuxPath0 = http://vstfcodebox:8080/tfs/theta
		SccLocalPath0 = AzurenRole
		SccProvider0 = {4CA58AB2-18FA-4F8D-95D4-32DDF27D184C}
		SccProjectUniqueName1 = CacheWorkerRole\\CacheWorkerRole.csproj
		SccProjectName1 = CacheWorkerRole
		SccAuxPath1 = http://vstfcodebox:8080/tfs/theta
		SccLocalPath1 = CacheWorkerRole
		SccProvider1 = {4CA58AB2-18FA-4F8D-95D4-32DDF27D184C}
		SccProjectUniqueName2 = azuren\\azuren.ccproj
		SccProjectName2 = azuren
		SccAuxPath2 = http://vstfcodebox:8080/tfs/theta
		SccLocalPath2 = azuren
		SccProvider2 = {4CA58AB2-18FA-4F8D-95D4-32DDF27D184C}
	EndGlobalSection
	GlobalSection(SolutionConfigurationPlatforms) = preSolution
		Debug|Any CPU = Debug|Any CPU
		Debug|x64 = Debug|x64
		Debug|x86 = Debug|x86
		Release|Any CPU = Release|Any CPU
		Release|x64 = Release|x64
		Release|x86 = Release|x86
	EndGlobalSection
	GlobalSection(ProjectConfigurationPlatforms) = postSolution
		{26237FE9-C470-4F27-A494-113F7506F8BD}.Debug|Any CPU.ActiveCfg = Debug|Any CPU
		{26237FE9-C470-4F27-A494-113F7506F8BD}.Debug|Any CPU.Build.0 = Debug|Any CPU
		{26237FE9-C470-4F27-A494-113F7506F8BD}.Debug|x64.ActiveCfg = Debug|Any CPU
		{26237FE9-C470-4F27-A494-113F7506F8BD}.Debug|x64.Build.0 = Debug|Any CPU
		{26237FE9-C470-4F27-A494-113F7506F8BD}.Debug|x86.ActiveCfg = Debug|Any CPU
		{26237FE9-C470-4F27-A494-113F7506F8BD}.Release|Any CPU.ActiveCfg = Release|Any CPU
		{26237FE9-C470-4F27-A494-113F7506F8BD}.Release|Any CPU.Build.0 = Release|Any CPU
		{26237FE9-C470-4F27-A494-113F7506F8BD}.Release|x64.ActiveCfg = Release|Any CPU
		{26237FE9-C470-4F27-A494-113F7506F8BD}.Release|x86.ActiveCfg = Release|Any CPU
		{C645FE82-4185-48B5-B838-81E98CD9499F}.Debug|Any CPU.ActiveCfg = Debug|Any CPU
		{C645FE82-4185-48B5-B838-81E98CD9499F}.Debug|Any CPU.Build.0 = Debug|Any CPU
		{C645FE82-4185-48B5-B838-81E98CD9499F}.Debug|x64.ActiveCfg = Debug|Any CPU
		{C645FE82-4185-48B5-B838-81E98CD9499F}.Debug|x64.Build.0 = Debug|Any CPU
		{C645FE82-4185-48B5-B838-81E98CD9499F}.Debug|x86.ActiveCfg = Debug|x86
		{C645FE82-4185-48B5-B838-81E98CD9499F}.Debug|x86.Build.0 = Debug|x86
		{C645FE82-4185-48B5-B838-81E98CD9499F}.Release|Any CPU.ActiveCfg = Release|Any CPU
		{C645FE82-4185-48B5-B838-81E98CD9499F}.Release|Any CPU.Build.0 = Release|Any CPU
		{C645FE82-4185-48B5-B838-81E98CD9499F}.Release|x64.ActiveCfg = Release|x64
		{C645FE82-4185-48B5-B838-81E98CD9499F}.Release|x64.Build.0 = Release|x64
		{C645FE82-4185-48B5-B838-81E98CD9499F}.Release|x86.ActiveCfg = Release|x86
		{C645FE82-4185-48B5-B838-81E98CD9499F}.Release|x86.Build.0 = Release|x86
		{8D4A63EB-7951-42BC-95F0-3C6DA0EA2A98}.Debug|Any CPU.ActiveCfg = Debug|Any CPU
		{8D4A63EB-7951-42BC-95F0-3C6DA0EA2A98}.Debug|Any CPU.Build.0 = Debug|Any CPU
		{8D4A63EB-7951-42BC-95F0-3C6DA0EA2A98}.Debug|x64.ActiveCfg = Debug|Any CPU
		{8D4A63EB-7951-42BC-95F0-3C6DA0EA2A98}.Debug|x64.Build.0 = Debug|Any CPU
		{8D4A63EB-7951-42BC-95F0-3C6DA0EA2A98}.Debug|x86.ActiveCfg = Debug|x86
		{8D4A63EB-7951-42BC-95F0-3C6DA0EA2A98}.Debug|x86.Build.0 = Debug|x86
		{8D4A63EB-7951-42BC-95F0-3C6DA0EA2A98}.Release|Any CPU.ActiveCfg = Release|Any CPU
		{8D4A63EB-7951-42BC-95F0-3C6DA0EA2A98}.Release|Any CPU.Build.0 = Release|Any CPU
		{8D4A63EB-7951-42BC-95F0-3C6DA0EA2A98}.Release|x64.ActiveCfg = Release|x64
		{8D4A63EB-7951-42BC-95F0-3C6DA0EA2A98}.Release|x64.Build.0 = Release|x64
		{8D4A63EB-7951-42BC-95F0-3C6DA0EA2A98}.Release|x86.ActiveCfg = Release|x86
		{8D4A63EB-7951-42BC-95F0-3C6DA0EA2A98}.Release|x86.Build.0 = Release|x86
	EndGlobalSection
	GlobalSection(SolutionProperties) = preSolution
		HideSolutionNode = FALSE
	EndGlobalSection
EndGlobal
